
Microsoft Visual Studio Solution File, Format Version 12.00
# Visual Studio 15
VisualStudioVersion = 15.0.28307.136
MinimumVisualStudioVersion = 10.0.40219.1
Project("{9A19103F-16F7-4668-BE54-9A1E7A4F7556}") = "developer", "developer.csproj", "{BFCB3996-2EF1-4AD8-B241-0A4DBF084383}"
EndProject
Global
	GlobalSection(SolutionConfigurationPlatforms) = preSolution
		Debug|Any CPU = Debug|Any CPU
		Release|Any CPU = Release|Any CPU
	EndGlobalSection
	GlobalSection(ProjectConfigurationPlatforms) = postSolution
		{BFCB3996-2EF1-4AD8-B241-0A4DBF084383}.Debug|Any CPU.ActiveCfg = Debug|Any CPU
		{BFCB3996-2EF1-4AD8-B241-0A4DBF084383}.Debug|Any CPU.Build.0 = Debug|Any CPU
		{BFCB3996-2EF1-4AD8-B241-0A4DBF084383}.Release|Any CPU.ActiveCfg = Release|Any CPU
		{BFCB3996-2EF1-4AD8-B241-0A4DBF084383}.Release|Any CPU.Build.0 = Release|Any CPU
	EndGlobalSection
	GlobalSection(SolutionProperties) = preSolution
		HideSolutionNode = FALSE
	EndGlobalSection
	GlobalSection(ExtensibilityGlobals) = postSolution
		SolutionGuid = {BBEE4A40-9B61-4EC0-9F58-20C924F3D0E7}
	EndGlobalSection
EndGlobal
