
Microsoft Visual Studio Solution File, Format Version 12.00
# Visual Studio 15
VisualStudioVersion = 15.0.28307.136
MinimumVisualStudioVersion = 10.0.40219.1
Project("{FAE04EC0-301F-11D3-BF4B-00C04F79EFBC}") = "TestBot", "TestBot\TestBot\TestBot.csproj", "{21E0076C-8CF9-43DA-B540-9B024EDB3237}"
EndProject
Project("{FAE04EC0-301F-11D3-BF4B-00C04F79EFBC}") = "TestBot.Tests", "TestBot\TestBot.Tests\TestBot.Tests.csproj", "{228634E3-C388-4A29-B906-83F1A3EC67DC}"
EndProject
Global
	GlobalSection(SolutionConfigurationPlatforms) = preSolution
		Debug|Any CPU = Debug|Any CPU
		Release|Any CPU = Release|Any CPU
	EndGlobalSection
	GlobalSection(ProjectConfigurationPlatforms) = postSolution
		{21E0076C-8CF9-43DA-B540-9B024EDB3237}.Debug|Any CPU.ActiveCfg = Debug|Any CPU
		{21E0076C-8CF9-43DA-B540-9B024EDB3237}.Debug|Any CPU.Build.0 = Debug|Any CPU
		{21E0076C-8CF9-43DA-B540-9B024EDB3237}.Release|Any CPU.ActiveCfg = Release|Any CPU
		{21E0076C-8CF9-43DA-B540-9B024EDB3237}.Release|Any CPU.Build.0 = Release|Any CPU
		{228634E3-C388-4A29-B906-83F1A3EC67DC}.Debug|Any CPU.ActiveCfg = Debug|Any CPU
		{228634E3-C388-4A29-B906-83F1A3EC67DC}.Debug|Any CPU.Build.0 = Debug|Any CPU
		{228634E3-C388-4A29-B906-83F1A3EC67DC}.Release|Any CPU.ActiveCfg = Release|Any CPU
		{228634E3-C388-4A29-B906-83F1A3EC67DC}.Release|Any CPU.Build.0 = Release|Any CPU
	EndGlobalSection
	GlobalSection(SolutionProperties) = preSolution
		HideSolutionNode = FALSE
	EndGlobalSection
	GlobalSection(ExtensibilityGlobals) = postSolution
		SolutionGuid = {26732B4C-1984-4A5A-B350-3FE050E70BA4}
	EndGlobalSection
EndGlobal
